
Microsoft Visual Studio Solution File, Format Version 12.00
# Visual Studio Version 16
VisualStudioVersion = 16.0.31410.357
MinimumVisualStudioVersion = 10.0.40219.1
Project("{2150E333-8FDC-42A3-9474-1A3956D46DE8}") = "1 - Application", "1 - Application", "{E0BAE1A8-604E-424E-8E10-D9C91333BEDB}"
EndProject
Project("{2150E333-8FDC-42A3-9474-1A3956D46DE8}") = "2 - Services", "2 - Services", "{8E987FE5-24BD-414E-B1C4-D9EEE690D596}"
EndProject
Project("{2150E333-8FDC-42A3-9474-1A3956D46DE8}") = "3 - Domain", "3 - Domain", "{CFF29BD1-12E4-4EF9-8985-DBF1EDDF44BF}"
EndProject
Project("{2150E333-8FDC-42A3-9474-1A3956D46DE8}") = "4 - Infra", "4 - Infra", "{27F863DE-B9F2-4391-B499-205212CBF64A}"
EndProject
Project("{2150E333-8FDC-42A3-9474-1A3956D46DE8}") = "4 - 1 Data", "4 - 1 Data", "{58CBB9B6-C728-4060-A793-BCF65D456916}"
EndProject
Project("{2150E333-8FDC-42A3-9474-1A3956D46DE8}") = "4 - 2 CrossCutting", "4 - 2 CrossCutting", "{44B09FA3-ADA5-40DE-949C-A2BF367B4AD4}"
EndProject
Project("{FAE04EC0-301F-11D3-BF4B-00C04F79EFBC}") = "Data", "Data\Data.csproj", "{B4D5FA71-2632-4D01-A80B-D7E37A3A4151}"
EndProject
Project("{FAE04EC0-301F-11D3-BF4B-00C04F79EFBC}") = "Domain", "Domain\Domain.csproj", "{E6CFEB31-F034-4F0C-9566-81EBFCEFE0F2}"
EndProject
Project("{FAE04EC0-301F-11D3-BF4B-00C04F79EFBC}") = "CrossCutting", "CrossCutting\CrossCutting.csproj", "{D2177BB9-BCBD-41AF-9A07-6E35526F9D76}"
EndProject
Project("{FAE04EC0-301F-11D3-BF4B-00C04F79EFBC}") = "Services", "Services\Services.csproj", "{12BF4CA0-8903-449B-8825-56C12B3EAA75}"
EndProject
Project("{FAE04EC0-301F-11D3-BF4B-00C04F79EFBC}") = "WebAPi", "WebAPi\WebAPi.csproj", "{A2E500E8-44C1-409C-A108-6E5D614531F1}"
EndProject
Global
	GlobalSection(SolutionConfigurationPlatforms) = preSolution
		Debug|Any CPU = Debug|Any CPU
		Release|Any CPU = Release|Any CPU
	EndGlobalSection
	GlobalSection(ProjectConfigurationPlatforms) = postSolution
		{B4D5FA71-2632-4D01-A80B-D7E37A3A4151}.Debug|Any CPU.ActiveCfg = Debug|Any CPU
		{B4D5FA71-2632-4D01-A80B-D7E37A3A4151}.Debug|Any CPU.Build.0 = Debug|Any CPU
		{B4D5FA71-2632-4D01-A80B-D7E37A3A4151}.Release|Any CPU.ActiveCfg = Release|Any CPU
		{B4D5FA71-2632-4D01-A80B-D7E37A3A4151}.Release|Any CPU.Build.0 = Release|Any CPU
		{E6CFEB31-F034-4F0C-9566-81EBFCEFE0F2}.Debug|Any CPU.ActiveCfg = Debug|Any CPU
		{E6CFEB31-F034-4F0C-9566-81EBFCEFE0F2}.Debug|Any CPU.Build.0 = Debug|Any CPU
		{E6CFEB31-F034-4F0C-9566-81EBFCEFE0F2}.Release|Any CPU.ActiveCfg = Release|Any CPU
		{E6CFEB31-F034-4F0C-9566-81EBFCEFE0F2}.Release|Any CPU.Build.0 = Release|Any CPU
		{D2177BB9-BCBD-41AF-9A07-6E35526F9D76}.Debug|Any CPU.ActiveCfg = Debug|Any CPU
		{D2177BB9-BCBD-41AF-9A07-6E35526F9D76}.Debug|Any CPU.Build.0 = Debug|Any CPU
		{D2177BB9-BCBD-41AF-9A07-6E35526F9D76}.Release|Any CPU.ActiveCfg = Release|Any CPU
		{D2177BB9-BCBD-41AF-9A07-6E35526F9D76}.Release|Any CPU.Build.0 = Release|Any CPU
		{12BF4CA0-8903-449B-8825-56C12B3EAA75}.Debug|Any CPU.ActiveCfg = Debug|Any CPU
		{12BF4CA0-8903-449B-8825-56C12B3EAA75}.Debug|Any CPU.Build.0 = Debug|Any CPU
		{12BF4CA0-8903-449B-8825-56C12B3EAA75}.Release|Any CPU.ActiveCfg = Release|Any CPU
		{12BF4CA0-8903-449B-8825-56C12B3EAA75}.Release|Any CPU.Build.0 = Release|Any CPU
		{A2E500E8-44C1-409C-A108-6E5D614531F1}.Debug|Any CPU.ActiveCfg = Debug|Any CPU
		{A2E500E8-44C1-409C-A108-6E5D614531F1}.Debug|Any CPU.Build.0 = Debug|Any CPU
		{A2E500E8-44C1-409C-A108-6E5D614531F1}.Release|Any CPU.ActiveCfg = Release|Any CPU
		{A2E500E8-44C1-409C-A108-6E5D614531F1}.Release|Any CPU.Build.0 = Release|Any CPU
	EndGlobalSection
	GlobalSection(SolutionProperties) = preSolution
		HideSolutionNode = FALSE
	EndGlobalSection
	GlobalSection(NestedProjects) = preSolution
		{58CBB9B6-C728-4060-A793-BCF65D456916} = {27F863DE-B9F2-4391-B499-205212CBF64A}
		{44B09FA3-ADA5-40DE-949C-A2BF367B4AD4} = {27F863DE-B9F2-4391-B499-205212CBF64A}
		{B4D5FA71-2632-4D01-A80B-D7E37A3A4151} = {58CBB9B6-C728-4060-A793-BCF65D456916}
		{E6CFEB31-F034-4F0C-9566-81EBFCEFE0F2} = {CFF29BD1-12E4-4EF9-8985-DBF1EDDF44BF}
		{D2177BB9-BCBD-41AF-9A07-6E35526F9D76} = {44B09FA3-ADA5-40DE-949C-A2BF367B4AD4}
		{12BF4CA0-8903-449B-8825-56C12B3EAA75} = {8E987FE5-24BD-414E-B1C4-D9EEE690D596}
		{A2E500E8-44C1-409C-A108-6E5D614531F1} = {E0BAE1A8-604E-424E-8E10-D9C91333BEDB}
	EndGlobalSection
	GlobalSection(ExtensibilityGlobals) = postSolution
		SolutionGuid = {1DC0CD70-EF0F-4BC5-AC3B-0554CCD97D5F}
	EndGlobalSection
EndGlobal
